
Microsoft Visual Studio Solution File, Format Version 12.00
# Visual Studio Version 17
VisualStudioVersion = 17.10.34707.107
MinimumVisualStudioVersion = 10.0.40219.1
Project("{9A19103F-16F7-4668-BE54-9A1E7A4F7556}") = "ApiApplication", "ApiApplication\ApiApplication.csproj", "{7C5DF19F-0A84-49DB-9210-F7D1B15FF847}"
EndProject
Project("{9A19103F-16F7-4668-BE54-9A1E7A4F7556}") = "WebApplication", "WebApplication\WebApplication.csproj", "{67F27C23-814A-4857-8719-416112BA3C36}"
EndProject
Project("{E53339B2-1760-4266-BCC7-CA923CBCF16C}") = "docker-compose", "docker-compose.dcproj", "{F17BC7A6-02A2-48FC-B24C-38F6E24775D8}"
EndProject
Global
	GlobalSection(SolutionConfigurationPlatforms) = preSolution
		Debug|Any CPU = Debug|Any CPU
		Release|Any CPU = Release|Any CPU
	EndGlobalSection
	GlobalSection(ProjectConfigurationPlatforms) = postSolution
		{7C5DF19F-0A84-49DB-9210-F7D1B15FF847}.Debug|Any CPU.ActiveCfg = Debug|Any CPU
		{7C5DF19F-0A84-49DB-9210-F7D1B15FF847}.Debug|Any CPU.Build.0 = Debug|Any CPU
		{7C5DF19F-0A84-49DB-9210-F7D1B15FF847}.Release|Any CPU.ActiveCfg = Release|Any CPU
		{7C5DF19F-0A84-49DB-9210-F7D1B15FF847}.Release|Any CPU.Build.0 = Release|Any CPU
		{67F27C23-814A-4857-8719-416112BA3C36}.Debug|Any CPU.ActiveCfg = Debug|Any CPU
		{67F27C23-814A-4857-8719-416112BA3C36}.Debug|Any CPU.Build.0 = Debug|Any CPU
		{67F27C23-814A-4857-8719-416112BA3C36}.Release|Any CPU.ActiveCfg = Release|Any CPU
		{67F27C23-814A-4857-8719-416112BA3C36}.Release|Any CPU.Build.0 = Release|Any CPU
		{F17BC7A6-02A2-48FC-B24C-38F6E24775D8}.Debug|Any CPU.ActiveCfg = Debug|Any CPU
		{F17BC7A6-02A2-48FC-B24C-38F6E24775D8}.Debug|Any CPU.Build.0 = Debug|Any CPU
		{F17BC7A6-02A2-48FC-B24C-38F6E24775D8}.Release|Any CPU.ActiveCfg = Release|Any CPU
		{F17BC7A6-02A2-48FC-B24C-38F6E24775D8}.Release|Any CPU.Build.0 = Release|Any CPU
	EndGlobalSection
	GlobalSection(SolutionProperties) = preSolution
		HideSolutionNode = FALSE
	EndGlobalSection
	GlobalSection(ExtensibilityGlobals) = postSolution
		SolutionGuid = {A6D99732-8DC1-4F25-A12D-38FDB9A7838F}
	EndGlobalSection
EndGlobal
